
Microsoft Visual Studio Solution File, Format Version 12.00
# Visual Studio 15
VisualStudioVersion = 15.0.28307.168
MinimumVisualStudioVersion = 10.0.40219.1
Project("{FAE04EC0-301F-11D3-BF4B-00C04F79EFBC}") = "APIAutomationTestSuite", "APIAutomationTestSuite\APIAutomationTestSuite.csproj", "{89369DDF-604D-4255-AC5D-B19572EB9919}"
EndProject
Global
	GlobalSection(SolutionConfigurationPlatforms) = preSolution
		Debug|Any CPU = Debug|Any CPU
		Release|Any CPU = Release|Any CPU
	EndGlobalSection
	GlobalSection(ProjectConfigurationPlatforms) = postSolution
		{89369DDF-604D-4255-AC5D-B19572EB9919}.Debug|Any CPU.ActiveCfg = Debug|Any CPU
		{89369DDF-604D-4255-AC5D-B19572EB9919}.Debug|Any CPU.Build.0 = Debug|Any CPU
		{89369DDF-604D-4255-AC5D-B19572EB9919}.Release|Any CPU.ActiveCfg = Release|Any CPU
		{89369DDF-604D-4255-AC5D-B19572EB9919}.Release|Any CPU.Build.0 = Release|Any CPU
	EndGlobalSection
	GlobalSection(SolutionProperties) = preSolution
		HideSolutionNode = FALSE
	EndGlobalSection
	GlobalSection(ExtensibilityGlobals) = postSolution
		SolutionGuid = {4A6F2F0C-C28B-4406-9453-7D7070EED70B}
	EndGlobalSection
EndGlobal
